
Microsoft Visual Studio Solution File, Format Version 12.00
# Visual Studio 15
VisualStudioVersion = 15.0.26730.10
MinimumVisualStudioVersion = 10.0.40219.1
Project("{FAE04EC0-301F-11D3-BF4B-00C04F79EFBC}") = "ModLoader", "ModLoader\ModLoader.csproj", "{65E39AFA-11AE-4E99-8722-3A192B5FF3E0}"
EndProject
Project("{FAE04EC0-301F-11D3-BF4B-00C04F79EFBC}") = "CPTools", "CPTools\CPTools.csproj", "{54386BE5-41F4-4CB6-9C97-31694548CAC0}"
EndProject
Project("{FAE04EC0-301F-11D3-BF4B-00C04F79EFBC}") = "ModTemplate", "ModTemplate\ModTemplate.csproj", "{D023A188-EC08-40AC-A622-7CC270C10891}"
EndProject
Project("{FAE04EC0-301F-11D3-BF4B-00C04F79EFBC}") = "HostTools", "HostTools\HostTools.csproj", "{9F70FE7C-D2C5-456B-88C8-4534FCEDF18A}"
EndProject
Project("{FAE04EC0-301F-11D3-BF4B-00C04F79EFBC}") = "AutoInstaller", "AutoInstaller\AutoInstaller.csproj", "{FB606BA8-DF8D-4E3D-96B9-7D00583F41D0}"
EndProject
Global
	GlobalSection(SolutionConfigurationPlatforms) = preSolution
		Debug|Any CPU = Debug|Any CPU
		Release|Any CPU = Release|Any CPU
	EndGlobalSection
	GlobalSection(ProjectConfigurationPlatforms) = postSolution
		{65E39AFA-11AE-4E99-8722-3A192B5FF3E0}.Debug|Any CPU.ActiveCfg = Debug|Any CPU
		{65E39AFA-11AE-4E99-8722-3A192B5FF3E0}.Debug|Any CPU.Build.0 = Debug|Any CPU
		{65E39AFA-11AE-4E99-8722-3A192B5FF3E0}.Release|Any CPU.ActiveCfg = Release|Any CPU
		{65E39AFA-11AE-4E99-8722-3A192B5FF3E0}.Release|Any CPU.Build.0 = Release|Any CPU
		{54386BE5-41F4-4CB6-9C97-31694548CAC0}.Debug|Any CPU.ActiveCfg = Debug|Any CPU
		{54386BE5-41F4-4CB6-9C97-31694548CAC0}.Debug|Any CPU.Build.0 = Debug|Any CPU
		{54386BE5-41F4-4CB6-9C97-31694548CAC0}.Release|Any CPU.ActiveCfg = Release|Any CPU
		{54386BE5-41F4-4CB6-9C97-31694548CAC0}.Release|Any CPU.Build.0 = Release|Any CPU
		{D023A188-EC08-40AC-A622-7CC270C10891}.Debug|Any CPU.ActiveCfg = Debug|Any CPU
		{D023A188-EC08-40AC-A622-7CC270C10891}.Debug|Any CPU.Build.0 = Debug|Any CPU
		{D023A188-EC08-40AC-A622-7CC270C10891}.Release|Any CPU.ActiveCfg = Release|Any CPU
		{D023A188-EC08-40AC-A622-7CC270C10891}.Release|Any CPU.Build.0 = Release|Any CPU
		{9F70FE7C-D2C5-456B-88C8-4534FCEDF18A}.Debug|Any CPU.ActiveCfg = Debug|Any CPU
		{9F70FE7C-D2C5-456B-88C8-4534FCEDF18A}.Debug|Any CPU.Build.0 = Debug|Any CPU
		{9F70FE7C-D2C5-456B-88C8-4534FCEDF18A}.Release|Any CPU.ActiveCfg = Release|Any CPU
		{9F70FE7C-D2C5-456B-88C8-4534FCEDF18A}.Release|Any CPU.Build.0 = Release|Any CPU
		{FB606BA8-DF8D-4E3D-96B9-7D00583F41D0}.Debug|Any CPU.ActiveCfg = Debug|Any CPU
		{FB606BA8-DF8D-4E3D-96B9-7D00583F41D0}.Debug|Any CPU.Build.0 = Debug|Any CPU
		{FB606BA8-DF8D-4E3D-96B9-7D00583F41D0}.Release|Any CPU.ActiveCfg = Release|Any CPU
		{FB606BA8-DF8D-4E3D-96B9-7D00583F41D0}.Release|Any CPU.Build.0 = Release|Any CPU
	EndGlobalSection
	GlobalSection(SolutionProperties) = preSolution
		HideSolutionNode = FALSE
	EndGlobalSection
	GlobalSection(ExtensibilityGlobals) = postSolution
		SolutionGuid = {78FF26E8-24C1-41E5-80E9-130754ECBBBB}
	EndGlobalSection
EndGlobal
